
Microsoft Visual Studio Solution File, Format Version 12.00
# Visual Studio 14
VisualStudioVersion = 14.0.25123.0
MinimumVisualStudioVersion = 10.0.40219.1
Project("{FAE04EC0-301F-11D3-BF4B-00C04F79EFBC}") = "RandomExtensions.Android", "RandomExtensions.Android\RandomExtensions.Android.csproj", "{D9917BA7-C9F9-47B1-8115-16873C74D495}"
EndProject
Project("{FAE04EC0-301F-11D3-BF4B-00C04F79EFBC}") = "RandomExtensions.iOS", "RandomExtensions.iOS\RandomExtensions.iOS.csproj", "{11C12670-87F1-4DC4-81DD-A268CDB2E301}"
EndProject
Project("{FAE04EC0-301F-11D3-BF4B-00C04F79EFBC}") = "RandomExtensions.DesktopGL", "RandomExtensions.DesktopGL\RandomExtensions.DesktopGL.csproj", "{FC9EF035-B638-4F99-B4E2-8F0931D9F26B}"
EndProject
Project("{FAE04EC0-301F-11D3-BF4B-00C04F79EFBC}") = "RandomExtensions.WindowsUniversal", "RandomExtensions.WindowsUniversal\RandomExtensions.WindowsUniversal.csproj", "{B040A0B4-672C-464F-B8C5-7D46C375ACC0}"
EndProject
Project("{2150E333-8FDC-42A3-9474-1A3956D46DE8}") = "Solution Items", "Solution Items", "{0B0EC916-41DF-4479-A817-60F0B8C34D6F}"
	ProjectSection(SolutionItems) = preProject
		buildNugetPackages.ps1 = buildNugetPackages.ps1
		RandomExtensions.nuspec = RandomExtensions.nuspec
	EndProjectSection
EndProject
Global
	GlobalSection(SolutionConfigurationPlatforms) = preSolution
		AppStore|Any CPU = AppStore|Any CPU
		AppStore|ARM = AppStore|ARM
		AppStore|x64 = AppStore|x64
		AppStore|x86 = AppStore|x86
		Debug|Any CPU = Debug|Any CPU
		Debug|ARM = Debug|ARM
		Debug|x64 = Debug|x64
		Debug|x86 = Debug|x86
		Release|Any CPU = Release|Any CPU
		Release|ARM = Release|ARM
		Release|x64 = Release|x64
		Release|x86 = Release|x86
	EndGlobalSection
	GlobalSection(ProjectConfigurationPlatforms) = postSolution
		{D9917BA7-C9F9-47B1-8115-16873C74D495}.AppStore|Any CPU.ActiveCfg = Release|Any CPU
		{D9917BA7-C9F9-47B1-8115-16873C74D495}.AppStore|Any CPU.Build.0 = Release|Any CPU
		{D9917BA7-C9F9-47B1-8115-16873C74D495}.AppStore|ARM.ActiveCfg = Debug|Any CPU
		{D9917BA7-C9F9-47B1-8115-16873C74D495}.AppStore|ARM.Build.0 = Debug|Any CPU
		{D9917BA7-C9F9-47B1-8115-16873C74D495}.AppStore|x64.ActiveCfg = Debug|Any CPU
		{D9917BA7-C9F9-47B1-8115-16873C74D495}.AppStore|x64.Build.0 = Debug|Any CPU
		{D9917BA7-C9F9-47B1-8115-16873C74D495}.AppStore|x86.ActiveCfg = Debug|Any CPU
		{D9917BA7-C9F9-47B1-8115-16873C74D495}.AppStore|x86.Build.0 = Debug|Any CPU
		{D9917BA7-C9F9-47B1-8115-16873C74D495}.Debug|Any CPU.ActiveCfg = Debug|Any CPU
		{D9917BA7-C9F9-47B1-8115-16873C74D495}.Debug|Any CPU.Build.0 = Debug|Any CPU
		{D9917BA7-C9F9-47B1-8115-16873C74D495}.Debug|ARM.ActiveCfg = Debug|Any CPU
		{D9917BA7-C9F9-47B1-8115-16873C74D495}.Debug|ARM.Build.0 = Debug|Any CPU
		{D9917BA7-C9F9-47B1-8115-16873C74D495}.Debug|x64.ActiveCfg = Debug|Any CPU
		{D9917BA7-C9F9-47B1-8115-16873C74D495}.Debug|x64.Build.0 = Debug|Any CPU
		{D9917BA7-C9F9-47B1-8115-16873C74D495}.Debug|x86.ActiveCfg = Debug|Any CPU
		{D9917BA7-C9F9-47B1-8115-16873C74D495}.Debug|x86.Build.0 = Debug|Any CPU
		{D9917BA7-C9F9-47B1-8115-16873C74D495}.Release|Any CPU.ActiveCfg = Release|Any CPU
		{D9917BA7-C9F9-47B1-8115-16873C74D495}.Release|Any CPU.Build.0 = Release|Any CPU
		{D9917BA7-C9F9-47B1-8115-16873C74D495}.Release|ARM.ActiveCfg = Release|Any CPU
		{D9917BA7-C9F9-47B1-8115-16873C74D495}.Release|ARM.Build.0 = Release|Any CPU
		{D9917BA7-C9F9-47B1-8115-16873C74D495}.Release|x64.ActiveCfg = Release|Any CPU
		{D9917BA7-C9F9-47B1-8115-16873C74D495}.Release|x64.Build.0 = Release|Any CPU
		{D9917BA7-C9F9-47B1-8115-16873C74D495}.Release|x86.ActiveCfg = Release|Any CPU
		{D9917BA7-C9F9-47B1-8115-16873C74D495}.Release|x86.Build.0 = Release|Any CPU
		{11C12670-87F1-4DC4-81DD-A268CDB2E301}.AppStore|Any CPU.ActiveCfg = AppStore|Any CPU
		{11C12670-87F1-4DC4-81DD-A268CDB2E301}.AppStore|Any CPU.Build.0 = AppStore|Any CPU
		{11C12670-87F1-4DC4-81DD-A268CDB2E301}.AppStore|ARM.ActiveCfg = AppStore|Any CPU
		{11C12670-87F1-4DC4-81DD-A268CDB2E301}.AppStore|ARM.Build.0 = AppStore|Any CPU
		{11C12670-87F1-4DC4-81DD-A268CDB2E301}.AppStore|x64.ActiveCfg = AppStore|Any CPU
		{11C12670-87F1-4DC4-81DD-A268CDB2E301}.AppStore|x64.Build.0 = AppStore|Any CPU
		{11C12670-87F1-4DC4-81DD-A268CDB2E301}.AppStore|x86.ActiveCfg = AppStore|Any CPU
		{11C12670-87F1-4DC4-81DD-A268CDB2E301}.AppStore|x86.Build.0 = AppStore|Any CPU
		{11C12670-87F1-4DC4-81DD-A268CDB2E301}.Debug|Any CPU.ActiveCfg = Debug|Any CPU
		{11C12670-87F1-4DC4-81DD-A268CDB2E301}.Debug|Any CPU.Build.0 = Debug|Any CPU
		{11C12670-87F1-4DC4-81DD-A268CDB2E301}.Debug|ARM.ActiveCfg = Debug|Any CPU
		{11C12670-87F1-4DC4-81DD-A268CDB2E301}.Debug|ARM.Build.0 = Debug|Any CPU
		{11C12670-87F1-4DC4-81DD-A268CDB2E301}.Debug|x64.ActiveCfg = Debug|Any CPU
		{11C12670-87F1-4DC4-81DD-A268CDB2E301}.Debug|x64.Build.0 = Debug|Any CPU
		{11C12670-87F1-4DC4-81DD-A268CDB2E301}.Debug|x86.ActiveCfg = Debug|Any CPU
		{11C12670-87F1-4DC4-81DD-A268CDB2E301}.Debug|x86.Build.0 = Debug|Any CPU
		{11C12670-87F1-4DC4-81DD-A268CDB2E301}.Release|Any CPU.ActiveCfg = Release|Any CPU
		{11C12670-87F1-4DC4-81DD-A268CDB2E301}.Release|Any CPU.Build.0 = Release|Any CPU
		{11C12670-87F1-4DC4-81DD-A268CDB2E301}.Release|ARM.ActiveCfg = Release|Any CPU
		{11C12670-87F1-4DC4-81DD-A268CDB2E301}.Release|ARM.Build.0 = Release|Any CPU
		{11C12670-87F1-4DC4-81DD-A268CDB2E301}.Release|x64.ActiveCfg = Release|Any CPU
		{11C12670-87F1-4DC4-81DD-A268CDB2E301}.Release|x64.Build.0 = Release|Any CPU
		{11C12670-87F1-4DC4-81DD-A268CDB2E301}.Release|x86.ActiveCfg = Release|Any CPU
		{11C12670-87F1-4DC4-81DD-A268CDB2E301}.Release|x86.Build.0 = Release|Any CPU
		{FC9EF035-B638-4F99-B4E2-8F0931D9F26B}.AppStore|Any CPU.ActiveCfg = Release|Any CPU
		{FC9EF035-B638-4F99-B4E2-8F0931D9F26B}.AppStore|Any CPU.Build.0 = Release|Any CPU
		{FC9EF035-B638-4F99-B4E2-8F0931D9F26B}.AppStore|ARM.ActiveCfg = Debug|Any CPU
		{FC9EF035-B638-4F99-B4E2-8F0931D9F26B}.AppStore|ARM.Build.0 = Debug|Any CPU
		{FC9EF035-B638-4F99-B4E2-8F0931D9F26B}.AppStore|x64.ActiveCfg = Debug|Any CPU
		{FC9EF035-B638-4F99-B4E2-8F0931D9F26B}.AppStore|x64.Build.0 = Debug|Any CPU
		{FC9EF035-B638-4F99-B4E2-8F0931D9F26B}.AppStore|x86.ActiveCfg = Debug|Any CPU
		{FC9EF035-B638-4F99-B4E2-8F0931D9F26B}.AppStore|x86.Build.0 = Debug|Any CPU
		{FC9EF035-B638-4F99-B4E2-8F0931D9F26B}.Debug|Any CPU.ActiveCfg = Debug|Any CPU
		{FC9EF035-B638-4F99-B4E2-8F0931D9F26B}.Debug|Any CPU.Build.0 = Debug|Any CPU
		{FC9EF035-B638-4F99-B4E2-8F0931D9F26B}.Debug|ARM.ActiveCfg = Debug|Any CPU
		{FC9EF035-B638-4F99-B4E2-8F0931D9F26B}.Debug|ARM.Build.0 = Debug|Any CPU
		{FC9EF035-B638-4F99-B4E2-8F0931D9F26B}.Debug|x64.ActiveCfg = Debug|Any CPU
		{FC9EF035-B638-4F99-B4E2-8F0931D9F26B}.Debug|x64.Build.0 = Debug|Any CPU
		{FC9EF035-B638-4F99-B4E2-8F0931D9F26B}.Debug|x86.ActiveCfg = Debug|Any CPU
		{FC9EF035-B638-4F99-B4E2-8F0931D9F26B}.Debug|x86.Build.0 = Debug|Any CPU
		{FC9EF035-B638-4F99-B4E2-8F0931D9F26B}.Release|Any CPU.ActiveCfg = Release|Any CPU
		{FC9EF035-B638-4F99-B4E2-8F0931D9F26B}.Release|Any CPU.Build.0 = Release|Any CPU
		{FC9EF035-B638-4F99-B4E2-8F0931D9F26B}.Release|ARM.ActiveCfg = Release|Any CPU
		{FC9EF035-B638-4F99-B4E2-8F0931D9F26B}.Release|ARM.Build.0 = Release|Any CPU
		{FC9EF035-B638-4F99-B4E2-8F0931D9F26B}.Release|x64.ActiveCfg = Release|Any CPU
		{FC9EF035-B638-4F99-B4E2-8F0931D9F26B}.Release|x64.Build.0 = Release|Any CPU
		{FC9EF035-B638-4F99-B4E2-8F0931D9F26B}.Release|x86.ActiveCfg = Release|Any CPU
		{FC9EF035-B638-4F99-B4E2-8F0931D9F26B}.Release|x86.Build.0 = Release|Any CPU
		{B040A0B4-672C-464F-B8C5-7D46C375ACC0}.AppStore|Any CPU.ActiveCfg = Debug|x86
		{B040A0B4-672C-464F-B8C5-7D46C375ACC0}.AppStore|Any CPU.Build.0 = Debug|x86
		{B040A0B4-672C-464F-B8C5-7D46C375ACC0}.AppStore|ARM.ActiveCfg = Release|ARM
		{B040A0B4-672C-464F-B8C5-7D46C375ACC0}.AppStore|ARM.Build.0 = Release|ARM
		{B040A0B4-672C-464F-B8C5-7D46C375ACC0}.AppStore|x64.ActiveCfg = Release|x64
		{B040A0B4-672C-464F-B8C5-7D46C375ACC0}.AppStore|x64.Build.0 = Release|x64
		{B040A0B4-672C-464F-B8C5-7D46C375ACC0}.AppStore|x86.ActiveCfg = Release|x86
		{B040A0B4-672C-464F-B8C5-7D46C375ACC0}.AppStore|x86.Build.0 = Release|x86
		{B040A0B4-672C-464F-B8C5-7D46C375ACC0}.Debug|Any CPU.ActiveCfg = Debug|x86
		{B040A0B4-672C-464F-B8C5-7D46C375ACC0}.Debug|ARM.ActiveCfg = Debug|ARM
		{B040A0B4-672C-464F-B8C5-7D46C375ACC0}.Debug|ARM.Build.0 = Debug|ARM
		{B040A0B4-672C-464F-B8C5-7D46C375ACC0}.Debug|x64.ActiveCfg = Debug|x64
		{B040A0B4-672C-464F-B8C5-7D46C375ACC0}.Debug|x64.Build.0 = Debug|x64
		{B040A0B4-672C-464F-B8C5-7D46C375ACC0}.Debug|x86.ActiveCfg = Debug|x86
		{B040A0B4-672C-464F-B8C5-7D46C375ACC0}.Debug|x86.Build.0 = Debug|x86
		{B040A0B4-672C-464F-B8C5-7D46C375ACC0}.Release|Any CPU.ActiveCfg = Release|x64
		{B040A0B4-672C-464F-B8C5-7D46C375ACC0}.Release|Any CPU.Build.0 = Release|x64
		{B040A0B4-672C-464F-B8C5-7D46C375ACC0}.Release|ARM.ActiveCfg = Release|ARM
		{B040A0B4-672C-464F-B8C5-7D46C375ACC0}.Release|ARM.Build.0 = Release|ARM
		{B040A0B4-672C-464F-B8C5-7D46C375ACC0}.Release|x64.ActiveCfg = Release|x64
		{B040A0B4-672C-464F-B8C5-7D46C375ACC0}.Release|x64.Build.0 = Release|x64
		{B040A0B4-672C-464F-B8C5-7D46C375ACC0}.Release|x86.ActiveCfg = Release|x86
		{B040A0B4-672C-464F-B8C5-7D46C375ACC0}.Release|x86.Build.0 = Release|x86
	EndGlobalSection
	GlobalSection(SolutionProperties) = preSolution
		HideSolutionNode = FALSE
	EndGlobalSection
EndGlobal
