
Microsoft Visual Studio Solution File, Format Version 12.00
# Visual Studio Version 16
VisualStudioVersion = 16.0.30517.126
MinimumVisualStudioVersion = 10.0.40219.1
Project("{FAE04EC0-301F-11D3-BF4B-00C04F79EFBC}") = "RandomExtensions.Android", "RandomExtensions.Android\RandomExtensions.Android.csproj", "{D9917BA7-C9F9-47B1-8115-16873C74D495}"
EndProject
Project("{FAE04EC0-301F-11D3-BF4B-00C04F79EFBC}") = "RandomExtensions.iOS", "RandomExtensions.iOS\RandomExtensions.iOS.csproj", "{11C12670-87F1-4DC4-81DD-A268CDB2E301}"
EndProject
Project("{2150E333-8FDC-42A3-9474-1A3956D46DE8}") = "Solution Items", "Solution Items", "{0B0EC916-41DF-4479-A817-60F0B8C34D6F}"
	ProjectSection(SolutionItems) = preProject
		buildNugetPackages.ps1 = buildNugetPackages.ps1
		RandomExtensions.nuspec = RandomExtensions.nuspec
	EndProjectSection
EndProject
Project("{D954291E-2A0B-460D-934E-DC6B0785DB48}") = "RandomExtensions.SharedProject", "RandomExtensions.SharedProject\RandomExtensions.SharedProject.shproj", "{9659ED8C-3498-4DCE-9AF2-C6A39E88106B}"
EndProject
Project("{FAE04EC0-301F-11D3-BF4B-00C04F79EFBC}") = "RandomExtensions.WindowsDX", "RandomExtensions.WindowsDX\RandomExtensions.WindowsDX.csproj", "{FC9EF035-B638-4F99-B4E2-8F0931D9F26B}"
EndProject
Global
	GlobalSection(SharedMSBuildProjectFiles) = preSolution
		RandomExtensions.SharedProject\RandomExtensions.SharedProject.projitems*{11c12670-87f1-4dc4-81dd-a268cdb2e301}*SharedItemsImports = 4
		RandomExtensions.SharedProject\RandomExtensions.SharedProject.projitems*{9659ed8c-3498-4dce-9af2-c6a39e88106b}*SharedItemsImports = 13
		RandomExtensions.SharedProject\RandomExtensions.SharedProject.projitems*{d9917ba7-c9f9-47b1-8115-16873c74d495}*SharedItemsImports = 4
		RandomExtensions.SharedProject\RandomExtensions.SharedProject.projitems*{fc9ef035-b638-4f99-b4e2-8f0931d9f26b}*SharedItemsImports = 4
	EndGlobalSection
	GlobalSection(SolutionConfigurationPlatforms) = preSolution
		AppStore|Any CPU = AppStore|Any CPU
		AppStore|ARM = AppStore|ARM
		AppStore|x64 = AppStore|x64
		AppStore|x86 = AppStore|x86
		Debug|Any CPU = Debug|Any CPU
		Debug|ARM = Debug|ARM
		Debug|x64 = Debug|x64
		Debug|x86 = Debug|x86
		Release|Any CPU = Release|Any CPU
		Release|ARM = Release|ARM
		Release|x64 = Release|x64
		Release|x86 = Release|x86
	EndGlobalSection
	GlobalSection(ProjectConfigurationPlatforms) = postSolution
		{D9917BA7-C9F9-47B1-8115-16873C74D495}.AppStore|Any CPU.ActiveCfg = Release|Any CPU
		{D9917BA7-C9F9-47B1-8115-16873C74D495}.AppStore|Any CPU.Build.0 = Release|Any CPU
		{D9917BA7-C9F9-47B1-8115-16873C74D495}.AppStore|ARM.ActiveCfg = Debug|Any CPU
		{D9917BA7-C9F9-47B1-8115-16873C74D495}.AppStore|ARM.Build.0 = Debug|Any CPU
		{D9917BA7-C9F9-47B1-8115-16873C74D495}.AppStore|x64.ActiveCfg = Debug|Any CPU
		{D9917BA7-C9F9-47B1-8115-16873C74D495}.AppStore|x64.Build.0 = Debug|Any CPU
		{D9917BA7-C9F9-47B1-8115-16873C74D495}.AppStore|x86.ActiveCfg = Debug|Any CPU
		{D9917BA7-C9F9-47B1-8115-16873C74D495}.AppStore|x86.Build.0 = Debug|Any CPU
		{D9917BA7-C9F9-47B1-8115-16873C74D495}.Debug|Any CPU.ActiveCfg = Debug|Any CPU
		{D9917BA7-C9F9-47B1-8115-16873C74D495}.Debug|Any CPU.Build.0 = Debug|Any CPU
		{D9917BA7-C9F9-47B1-8115-16873C74D495}.Debug|ARM.ActiveCfg = Debug|Any CPU
		{D9917BA7-C9F9-47B1-8115-16873C74D495}.Debug|ARM.Build.0 = Debug|Any CPU
		{D9917BA7-C9F9-47B1-8115-16873C74D495}.Debug|x64.ActiveCfg = Debug|Any CPU
		{D9917BA7-C9F9-47B1-8115-16873C74D495}.Debug|x64.Build.0 = Debug|Any CPU
		{D9917BA7-C9F9-47B1-8115-16873C74D495}.Debug|x86.ActiveCfg = Debug|Any CPU
		{D9917BA7-C9F9-47B1-8115-16873C74D495}.Debug|x86.Build.0 = Debug|Any CPU
		{D9917BA7-C9F9-47B1-8115-16873C74D495}.Release|Any CPU.ActiveCfg = Release|Any CPU
		{D9917BA7-C9F9-47B1-8115-16873C74D495}.Release|Any CPU.Build.0 = Release|Any CPU
		{D9917BA7-C9F9-47B1-8115-16873C74D495}.Release|ARM.ActiveCfg = Release|Any CPU
		{D9917BA7-C9F9-47B1-8115-16873C74D495}.Release|ARM.Build.0 = Release|Any CPU
		{D9917BA7-C9F9-47B1-8115-16873C74D495}.Release|x64.ActiveCfg = Release|Any CPU
		{D9917BA7-C9F9-47B1-8115-16873C74D495}.Release|x64.Build.0 = Release|Any CPU
		{D9917BA7-C9F9-47B1-8115-16873C74D495}.Release|x86.ActiveCfg = Release|Any CPU
		{D9917BA7-C9F9-47B1-8115-16873C74D495}.Release|x86.Build.0 = Release|Any CPU
		{11C12670-87F1-4DC4-81DD-A268CDB2E301}.AppStore|Any CPU.ActiveCfg = Release|Any CPU
		{11C12670-87F1-4DC4-81DD-A268CDB2E301}.AppStore|Any CPU.Build.0 = Release|Any CPU
		{11C12670-87F1-4DC4-81DD-A268CDB2E301}.AppStore|ARM.ActiveCfg = Release|Any CPU
		{11C12670-87F1-4DC4-81DD-A268CDB2E301}.AppStore|ARM.Build.0 = Release|Any CPU
		{11C12670-87F1-4DC4-81DD-A268CDB2E301}.AppStore|x64.ActiveCfg = Release|Any CPU
		{11C12670-87F1-4DC4-81DD-A268CDB2E301}.AppStore|x64.Build.0 = Release|Any CPU
		{11C12670-87F1-4DC4-81DD-A268CDB2E301}.AppStore|x86.ActiveCfg = Release|Any CPU
		{11C12670-87F1-4DC4-81DD-A268CDB2E301}.AppStore|x86.Build.0 = Release|Any CPU
		{11C12670-87F1-4DC4-81DD-A268CDB2E301}.Debug|Any CPU.ActiveCfg = Debug|Any CPU
		{11C12670-87F1-4DC4-81DD-A268CDB2E301}.Debug|Any CPU.Build.0 = Debug|Any CPU
		{11C12670-87F1-4DC4-81DD-A268CDB2E301}.Debug|ARM.ActiveCfg = Debug|Any CPU
		{11C12670-87F1-4DC4-81DD-A268CDB2E301}.Debug|ARM.Build.0 = Debug|Any CPU
		{11C12670-87F1-4DC4-81DD-A268CDB2E301}.Debug|x64.ActiveCfg = Debug|Any CPU
		{11C12670-87F1-4DC4-81DD-A268CDB2E301}.Debug|x64.Build.0 = Debug|Any CPU
		{11C12670-87F1-4DC4-81DD-A268CDB2E301}.Debug|x86.ActiveCfg = Debug|Any CPU
		{11C12670-87F1-4DC4-81DD-A268CDB2E301}.Debug|x86.Build.0 = Debug|Any CPU
		{11C12670-87F1-4DC4-81DD-A268CDB2E301}.Release|Any CPU.ActiveCfg = Release|Any CPU
		{11C12670-87F1-4DC4-81DD-A268CDB2E301}.Release|Any CPU.Build.0 = Release|Any CPU
		{11C12670-87F1-4DC4-81DD-A268CDB2E301}.Release|ARM.ActiveCfg = Release|Any CPU
		{11C12670-87F1-4DC4-81DD-A268CDB2E301}.Release|ARM.Build.0 = Release|Any CPU
		{11C12670-87F1-4DC4-81DD-A268CDB2E301}.Release|x64.ActiveCfg = Release|Any CPU
		{11C12670-87F1-4DC4-81DD-A268CDB2E301}.Release|x64.Build.0 = Release|Any CPU
		{11C12670-87F1-4DC4-81DD-A268CDB2E301}.Release|x86.ActiveCfg = Release|Any CPU
		{11C12670-87F1-4DC4-81DD-A268CDB2E301}.Release|x86.Build.0 = Release|Any CPU
		{FC9EF035-B638-4F99-B4E2-8F0931D9F26B}.AppStore|Any CPU.ActiveCfg = Release|Any CPU
		{FC9EF035-B638-4F99-B4E2-8F0931D9F26B}.AppStore|Any CPU.Build.0 = Release|Any CPU
		{FC9EF035-B638-4F99-B4E2-8F0931D9F26B}.AppStore|ARM.ActiveCfg = Release|Any CPU
		{FC9EF035-B638-4F99-B4E2-8F0931D9F26B}.AppStore|ARM.Build.0 = Release|Any CPU
		{FC9EF035-B638-4F99-B4E2-8F0931D9F26B}.AppStore|x64.ActiveCfg = Release|Any CPU
		{FC9EF035-B638-4F99-B4E2-8F0931D9F26B}.AppStore|x64.Build.0 = Release|Any CPU
		{FC9EF035-B638-4F99-B4E2-8F0931D9F26B}.AppStore|x86.ActiveCfg = Release|Any CPU
		{FC9EF035-B638-4F99-B4E2-8F0931D9F26B}.AppStore|x86.Build.0 = Release|Any CPU
		{FC9EF035-B638-4F99-B4E2-8F0931D9F26B}.Debug|Any CPU.ActiveCfg = Debug|Any CPU
		{FC9EF035-B638-4F99-B4E2-8F0931D9F26B}.Debug|Any CPU.Build.0 = Debug|Any CPU
		{FC9EF035-B638-4F99-B4E2-8F0931D9F26B}.Debug|ARM.ActiveCfg = Debug|Any CPU
		{FC9EF035-B638-4F99-B4E2-8F0931D9F26B}.Debug|ARM.Build.0 = Debug|Any CPU
		{FC9EF035-B638-4F99-B4E2-8F0931D9F26B}.Debug|x64.ActiveCfg = Debug|Any CPU
		{FC9EF035-B638-4F99-B4E2-8F0931D9F26B}.Debug|x64.Build.0 = Debug|Any CPU
		{FC9EF035-B638-4F99-B4E2-8F0931D9F26B}.Debug|x86.ActiveCfg = Debug|Any CPU
		{FC9EF035-B638-4F99-B4E2-8F0931D9F26B}.Debug|x86.Build.0 = Debug|Any CPU
		{FC9EF035-B638-4F99-B4E2-8F0931D9F26B}.Release|Any CPU.ActiveCfg = Release|Any CPU
		{FC9EF035-B638-4F99-B4E2-8F0931D9F26B}.Release|Any CPU.Build.0 = Release|Any CPU
		{FC9EF035-B638-4F99-B4E2-8F0931D9F26B}.Release|ARM.ActiveCfg = Release|Any CPU
		{FC9EF035-B638-4F99-B4E2-8F0931D9F26B}.Release|ARM.Build.0 = Release|Any CPU
		{FC9EF035-B638-4F99-B4E2-8F0931D9F26B}.Release|x64.ActiveCfg = Release|Any CPU
		{FC9EF035-B638-4F99-B4E2-8F0931D9F26B}.Release|x64.Build.0 = Release|Any CPU
		{FC9EF035-B638-4F99-B4E2-8F0931D9F26B}.Release|x86.ActiveCfg = Release|Any CPU
		{FC9EF035-B638-4F99-B4E2-8F0931D9F26B}.Release|x86.Build.0 = Release|Any CPU
	EndGlobalSection
	GlobalSection(SolutionProperties) = preSolution
		HideSolutionNode = FALSE
	EndGlobalSection
	GlobalSection(ExtensibilityGlobals) = postSolution
		SolutionGuid = {D56E3AF3-11DA-4396-9B60-1D38CD685333}
	EndGlobalSection
EndGlobal
